
Microsoft Visual Studio Solution File, Format Version 12.00
# Visual Studio Version 17
VisualStudioVersion = 17.5.33627.172
MinimumVisualStudioVersion = 10.0.40219.1
Project("{9A19103F-16F7-4668-BE54-9A1E7A4F7556}") = "AS2324_5G_IngrassiaSamuele_Studenti", "AS2324_5G_IngrassiaSamuele_Studenti.csproj", "{3764F0FA-7D73-4093-B867-0EB58549A729}"
EndProject
Project("{FAE04EC0-301F-11D3-BF4B-00C04F79EFBC}") = "ClassesTest", "ClassesTest\ClassesTest.csproj", "{242863D5-4FC2-4751-AF7F-0D0C42B2E7BD}"
	ProjectSection(ProjectDependencies) = postProject
		{3764F0FA-7D73-4093-B867-0EB58549A729} = {3764F0FA-7D73-4093-B867-0EB58549A729}
	EndProjectSection
EndProject
Global
	GlobalSection(SolutionConfigurationPlatforms) = preSolution
		Debug|Any CPU = Debug|Any CPU
		Release|Any CPU = Release|Any CPU
	EndGlobalSection
	GlobalSection(ProjectConfigurationPlatforms) = postSolution
		{3764F0FA-7D73-4093-B867-0EB58549A729}.Debug|Any CPU.ActiveCfg = Debug|Any CPU
		{3764F0FA-7D73-4093-B867-0EB58549A729}.Debug|Any CPU.Build.0 = Debug|Any CPU
		{3764F0FA-7D73-4093-B867-0EB58549A729}.Release|Any CPU.ActiveCfg = Release|Any CPU
		{3764F0FA-7D73-4093-B867-0EB58549A729}.Release|Any CPU.Build.0 = Release|Any CPU
		{242863D5-4FC2-4751-AF7F-0D0C42B2E7BD}.Debug|Any CPU.ActiveCfg = Debug|Any CPU
		{242863D5-4FC2-4751-AF7F-0D0C42B2E7BD}.Debug|Any CPU.Build.0 = Debug|Any CPU
		{242863D5-4FC2-4751-AF7F-0D0C42B2E7BD}.Release|Any CPU.ActiveCfg = Release|Any CPU
		{242863D5-4FC2-4751-AF7F-0D0C42B2E7BD}.Release|Any CPU.Build.0 = Release|Any CPU
	EndGlobalSection
	GlobalSection(SolutionProperties) = preSolution
		HideSolutionNode = FALSE
	EndGlobalSection
	GlobalSection(ExtensibilityGlobals) = postSolution
		SolutionGuid = {11521932-4C4A-4861-8387-00A9F7B02AF0}
	EndGlobalSection
EndGlobal
